
Microsoft Visual Studio Solution File, Format Version 12.00
# Visual Studio Version 17
VisualStudioVersion = 17.5.33530.505
MinimumVisualStudioVersion = 10.0.40219.1
Project("{FAE04EC0-301F-11D3-BF4B-00C04F79EFBC}") = "RabbitMQ_1", "RabbitMQ_1\RabbitMQ_1.csproj", "{171632E6-833C-4DE3-9DEA-D1FAC4731185}"
EndProject
Project("{FAE04EC0-301F-11D3-BF4B-00C04F79EFBC}") = "RabbitMQ_Consumer", "RabbitMQ_Consumer\RabbitMQ_Consumer.csproj", "{EC3C9EB0-70D2-46AE-868A-A7FC1FA96D04}"
EndProject
Global
	GlobalSection(SolutionConfigurationPlatforms) = preSolution
		Debug|Any CPU = Debug|Any CPU
		Release|Any CPU = Release|Any CPU
	EndGlobalSection
	GlobalSection(ProjectConfigurationPlatforms) = postSolution
		{171632E6-833C-4DE3-9DEA-D1FAC4731185}.Debug|Any CPU.ActiveCfg = Debug|Any CPU
		{171632E6-833C-4DE3-9DEA-D1FAC4731185}.Debug|Any CPU.Build.0 = Debug|Any CPU
		{171632E6-833C-4DE3-9DEA-D1FAC4731185}.Release|Any CPU.ActiveCfg = Release|Any CPU
		{171632E6-833C-4DE3-9DEA-D1FAC4731185}.Release|Any CPU.Build.0 = Release|Any CPU
		{EC3C9EB0-70D2-46AE-868A-A7FC1FA96D04}.Debug|Any CPU.ActiveCfg = Debug|Any CPU
		{EC3C9EB0-70D2-46AE-868A-A7FC1FA96D04}.Debug|Any CPU.Build.0 = Debug|Any CPU
		{EC3C9EB0-70D2-46AE-868A-A7FC1FA96D04}.Release|Any CPU.ActiveCfg = Release|Any CPU
		{EC3C9EB0-70D2-46AE-868A-A7FC1FA96D04}.Release|Any CPU.Build.0 = Release|Any CPU
	EndGlobalSection
	GlobalSection(SolutionProperties) = preSolution
		HideSolutionNode = FALSE
	EndGlobalSection
	GlobalSection(ExtensibilityGlobals) = postSolution
		SolutionGuid = {FC4E00A7-9C07-4B22-A862-95C67F3515C2}
	EndGlobalSection
EndGlobal
