
Microsoft Visual Studio Solution File, Format Version 12.00
# Visual Studio Version 17
VisualStudioVersion = 17.5.33530.505
MinimumVisualStudioVersion = 10.0.40219.1
Project("{FAE04EC0-301F-11D3-BF4B-00C04F79EFBC}") = "ATM_Simulator", "ConsoleApp1\ATM_Simulator.csproj", "{8B841F63-10E5-4A32-84E6-C4FE2CAE356A}"
EndProject
Global
	GlobalSection(SolutionConfigurationPlatforms) = preSolution
		Debug|Any CPU = Debug|Any CPU
		Release|Any CPU = Release|Any CPU
	EndGlobalSection
	GlobalSection(ProjectConfigurationPlatforms) = postSolution
		{8B841F63-10E5-4A32-84E6-C4FE2CAE356A}.Debug|Any CPU.ActiveCfg = Debug|Any CPU
		{8B841F63-10E5-4A32-84E6-C4FE2CAE356A}.Debug|Any CPU.Build.0 = Debug|Any CPU
		{8B841F63-10E5-4A32-84E6-C4FE2CAE356A}.Release|Any CPU.ActiveCfg = Release|Any CPU
		{8B841F63-10E5-4A32-84E6-C4FE2CAE356A}.Release|Any CPU.Build.0 = Release|Any CPU
	EndGlobalSection
	GlobalSection(SolutionProperties) = preSolution
		HideSolutionNode = FALSE
	EndGlobalSection
	GlobalSection(ExtensibilityGlobals) = postSolution
		SolutionGuid = {F6B7C592-9A80-499C-B8DC-DA0ADF3A82DD}
	EndGlobalSection
EndGlobal
