
Microsoft Visual Studio Solution File, Format Version 12.00
# Visual Studio Version 17
VisualStudioVersion = 17.5.33530.505
MinimumVisualStudioVersion = 10.0.40219.1
Project("{9A19103F-16F7-4668-BE54-9A1E7A4F7556}") = "week_2_day_5_Strings", "week_2_day_5_Strings\week_2_day_5_Strings.csproj", "{9F33F14F-6357-480E-9886-1FE3F1D07DA2}"
EndProject
Project("{FAE04EC0-301F-11D3-BF4B-00C04F79EFBC}") = "StringBuilder_MailSender", "StringBuilder_MailSender\StringBuilder_MailSender.csproj", "{66C3AE73-EB49-44CB-BDCD-E28C7D128A11}"
EndProject
Global
	GlobalSection(SolutionConfigurationPlatforms) = preSolution
		Debug|Any CPU = Debug|Any CPU
		Release|Any CPU = Release|Any CPU
	EndGlobalSection
	GlobalSection(ProjectConfigurationPlatforms) = postSolution
		{9F33F14F-6357-480E-9886-1FE3F1D07DA2}.Debug|Any CPU.ActiveCfg = Debug|Any CPU
		{9F33F14F-6357-480E-9886-1FE3F1D07DA2}.Debug|Any CPU.Build.0 = Debug|Any CPU
		{9F33F14F-6357-480E-9886-1FE3F1D07DA2}.Release|Any CPU.ActiveCfg = Release|Any CPU
		{9F33F14F-6357-480E-9886-1FE3F1D07DA2}.Release|Any CPU.Build.0 = Release|Any CPU
		{66C3AE73-EB49-44CB-BDCD-E28C7D128A11}.Debug|Any CPU.ActiveCfg = Debug|Any CPU
		{66C3AE73-EB49-44CB-BDCD-E28C7D128A11}.Debug|Any CPU.Build.0 = Debug|Any CPU
		{66C3AE73-EB49-44CB-BDCD-E28C7D128A11}.Release|Any CPU.ActiveCfg = Release|Any CPU
		{66C3AE73-EB49-44CB-BDCD-E28C7D128A11}.Release|Any CPU.Build.0 = Release|Any CPU
	EndGlobalSection
	GlobalSection(SolutionProperties) = preSolution
		HideSolutionNode = FALSE
	EndGlobalSection
	GlobalSection(ExtensibilityGlobals) = postSolution
		SolutionGuid = {F0EE7EE5-879A-421B-9D9A-1378104ADC1E}
	EndGlobalSection
EndGlobal
