
Microsoft Visual Studio Solution File, Format Version 12.00
# Visual Studio Version 17
VisualStudioVersion = 17.5.33530.505
MinimumVisualStudioVersion = 10.0.40219.1
Project("{FAE04EC0-301F-11D3-BF4B-00C04F79EFBC}") = "Week_3_Day_2_OOP2", "Week_3_Day_2_OOP2.csproj", "{5C491035-877B-41EF-A86A-253DA9C5B270}"
EndProject
Project("{FAE04EC0-301F-11D3-BF4B-00C04F79EFBC}") = "Lab", "..\Lab\Lab.csproj", "{F314225B-FC9A-4F6F-9592-A005B2F449DB}"
EndProject
Global
	GlobalSection(SolutionConfigurationPlatforms) = preSolution
		Debug|Any CPU = Debug|Any CPU
		Release|Any CPU = Release|Any CPU
	EndGlobalSection
	GlobalSection(ProjectConfigurationPlatforms) = postSolution
		{5C491035-877B-41EF-A86A-253DA9C5B270}.Debug|Any CPU.ActiveCfg = Debug|Any CPU
		{5C491035-877B-41EF-A86A-253DA9C5B270}.Debug|Any CPU.Build.0 = Debug|Any CPU
		{5C491035-877B-41EF-A86A-253DA9C5B270}.Release|Any CPU.ActiveCfg = Release|Any CPU
		{5C491035-877B-41EF-A86A-253DA9C5B270}.Release|Any CPU.Build.0 = Release|Any CPU
		{F314225B-FC9A-4F6F-9592-A005B2F449DB}.Debug|Any CPU.ActiveCfg = Debug|Any CPU
		{F314225B-FC9A-4F6F-9592-A005B2F449DB}.Debug|Any CPU.Build.0 = Debug|Any CPU
		{F314225B-FC9A-4F6F-9592-A005B2F449DB}.Release|Any CPU.ActiveCfg = Release|Any CPU
		{F314225B-FC9A-4F6F-9592-A005B2F449DB}.Release|Any CPU.Build.0 = Release|Any CPU
	EndGlobalSection
	GlobalSection(SolutionProperties) = preSolution
		HideSolutionNode = FALSE
	EndGlobalSection
	GlobalSection(ExtensibilityGlobals) = postSolution
		SolutionGuid = {530BACAC-97D0-49FC-9FC0-68577E8A4522}
	EndGlobalSection
EndGlobal
