
Microsoft Visual Studio Solution File, Format Version 12.00
# Visual Studio Version 17
VisualStudioVersion = 17.5.33530.505
MinimumVisualStudioVersion = 10.0.40219.1
Project("{FAE04EC0-301F-11D3-BF4B-00C04F79EFBC}") = "Collections_Tests", "Collections_Tests\Collections_Tests.csproj", "{C0E7A2B5-3849-4D64-B70D-64A8774D5196}"
EndProject
Project("{FAE04EC0-301F-11D3-BF4B-00C04F79EFBC}") = "Code_Task_Arrary", "Code_Task_Arrary\Code_Task_Arrary.csproj", "{DE2885B6-E661-43A3-907B-FCC7A5F8E699}"
EndProject
Project("{FAE04EC0-301F-11D3-BF4B-00C04F79EFBC}") = "Do_While_Login_Task", "Do_While_Login_Task\Do_While_Login_Task.csproj", "{4B9B87BE-DCF1-4BC8-AA02-A8837BE959E1}"
EndProject
Global
	GlobalSection(SolutionConfigurationPlatforms) = preSolution
		Debug|Any CPU = Debug|Any CPU
		Release|Any CPU = Release|Any CPU
	EndGlobalSection
	GlobalSection(ProjectConfigurationPlatforms) = postSolution
		{C0E7A2B5-3849-4D64-B70D-64A8774D5196}.Debug|Any CPU.ActiveCfg = Debug|Any CPU
		{C0E7A2B5-3849-4D64-B70D-64A8774D5196}.Debug|Any CPU.Build.0 = Debug|Any CPU
		{C0E7A2B5-3849-4D64-B70D-64A8774D5196}.Release|Any CPU.ActiveCfg = Release|Any CPU
		{C0E7A2B5-3849-4D64-B70D-64A8774D5196}.Release|Any CPU.Build.0 = Release|Any CPU
		{DE2885B6-E661-43A3-907B-FCC7A5F8E699}.Debug|Any CPU.ActiveCfg = Debug|Any CPU
		{DE2885B6-E661-43A3-907B-FCC7A5F8E699}.Debug|Any CPU.Build.0 = Debug|Any CPU
		{DE2885B6-E661-43A3-907B-FCC7A5F8E699}.Release|Any CPU.ActiveCfg = Release|Any CPU
		{DE2885B6-E661-43A3-907B-FCC7A5F8E699}.Release|Any CPU.Build.0 = Release|Any CPU
		{4B9B87BE-DCF1-4BC8-AA02-A8837BE959E1}.Debug|Any CPU.ActiveCfg = Debug|Any CPU
		{4B9B87BE-DCF1-4BC8-AA02-A8837BE959E1}.Debug|Any CPU.Build.0 = Debug|Any CPU
		{4B9B87BE-DCF1-4BC8-AA02-A8837BE959E1}.Release|Any CPU.ActiveCfg = Release|Any CPU
		{4B9B87BE-DCF1-4BC8-AA02-A8837BE959E1}.Release|Any CPU.Build.0 = Release|Any CPU
	EndGlobalSection
	GlobalSection(SolutionProperties) = preSolution
		HideSolutionNode = FALSE
	EndGlobalSection
	GlobalSection(ExtensibilityGlobals) = postSolution
		SolutionGuid = {9031DF92-BE82-4B2B-9C50-F18E16C9E016}
	EndGlobalSection
EndGlobal
